<?xml version="1.0" encoding="UTF-8" standalone="yes" ?>
<CodeBlocks_project_file>
	<FileVersion major="1" minor="6" />
	<Project>
		<Option title="StringAlgorithmsStaticLib" />
		<Option pch_mode="2" />
		<Option compiler="gcc" />
		<Build>
			<Target title="Debug">
				<Option output="bin/Debug/StringAlgorithmsStaticLib" prefix_auto="1" extension_auto="1" />
				<Option working_dir="" />
				<Option object_output="obj/Debug/" />
				<Option type="2" />
				<Option compiler="gcc" />
				<Option createDefFile="1" />
				<Compiler>
					<Add option="-Wall" />
					<Add option="-g" />
				</Compiler>
			</Target>
			<Target title="Release">
				<Option output="bin/Release/StringAlgorithmsStaticLib" prefix_auto="1" extension_auto="1" />
				<Option working_dir="" />
				<Option object_output="obj/Release/" />
				<Option type="2" />
				<Option compiler="gcc" />
				<Option createDefFile="1" />
				<Compiler>
					<Add option="-Wall" />
					<Add option="-O2" />
				</Compiler>
				<Linker>
					<Add option="-s" />
				</Linker>
			</Target>
		</Build>
		<Unit filename="algorithms/edit_distance.cpp" />
		<Unit filename="algorithms/edit_distance.hpp" />
		<Unit filename="algorithms/hashing/bernstein.cpp" />
		<Unit filename="algorithms/hashing/bernstein.hpp" />
		<Unit filename="algorithms/hashing/hashing.cpp" />
		<Unit filename="algorithms/hashing/hashing.hpp" />
		<Unit filename="algorithms/hashing/sum_hashing.cpp" />
		<Unit filename="algorithms/hashing/sum_hashing.hpp" />
		<Unit filename="algorithms/knuth_morris_pratt.cpp" />
		<Unit filename="algorithms/knuth_morris_pratt.hpp" />
		<Unit filename="algorithms/naive.cpp" />
		<Unit filename="algorithms/naive.hpp" />
		<Unit filename="algorithms/rabin_karp.cpp" />
		<Unit filename="algorithms/rabin_karp.hpp" />
		<Unit filename="algorithms/z_algorithm.cpp" />
		<Unit filename="algorithms/z_algorithm.hpp" />
		<Unit filename="constants.hpp" />
		<Unit filename="friends.hpp" />
		<Unit filename="string_slib.hpp" />
		<Unit filename="structures/knuth_morris_pratt.hpp" />
		<Unit filename="structures/naive_suffix_tree_builder.cpp" />
		<Unit filename="structures/naive_suffix_tree_builder.hpp" />
		<Unit filename="structures/suffix_tree.cpp" />
		<Unit filename="structures/suffix_tree.hpp" />
		<Unit filename="structures/suffix_tree_builder.hpp" />
		<Unit filename="structures/suffix_trie.cpp" />
		<Unit filename="structures/suffix_trie.hpp" />
		<Unit filename="structures/suffix_trie_builder.cpp" />
		<Unit filename="structures/suffix_trie_builder.hpp" />
		<Unit filename="structures/ukkonen_suffix_tree_builder.cpp" />
		<Unit filename="structures/ukkonen_suffix_tree_builder.hpp" />
		<Extensions>
			<code_completion />
			<debugger />
		</Extensions>
	</Project>
</CodeBlocks_project_file>
